
Microsoft Visual Studio Solution File, Format Version 12.00
# Visual Studio Version 16
VisualStudioVersion = 16.0.30523.141
MinimumVisualStudioVersion = 10.0.40219.1
Project("{FAE04EC0-301F-11D3-BF4B-00C04F79EFBC}") = "Shared Poker Repo", "Shared Poker Repo.csproj", "{96A8E252-20DC-4238-9887-326CD2B45C39}"
EndProject
Global
	GlobalSection(SolutionConfigurationPlatforms) = preSolution
		Debug|Any CPU = Debug|Any CPU
		Release|Any CPU = Release|Any CPU
	EndGlobalSection
	GlobalSection(ProjectConfigurationPlatforms) = postSolution
		{96A8E252-20DC-4238-9887-326CD2B45C39}.Debug|Any CPU.ActiveCfg = Debug|Any CPU
		{96A8E252-20DC-4238-9887-326CD2B45C39}.Debug|Any CPU.Build.0 = Debug|Any CPU
		{96A8E252-20DC-4238-9887-326CD2B45C39}.Release|Any CPU.ActiveCfg = Release|Any CPU
		{96A8E252-20DC-4238-9887-326CD2B45C39}.Release|Any CPU.Build.0 = Release|Any CPU
	EndGlobalSection
	GlobalSection(SolutionProperties) = preSolution
		HideSolutionNode = FALSE
	EndGlobalSection
	GlobalSection(ExtensibilityGlobals) = postSolution
		SolutionGuid = {1F00F196-C360-495A-B856-78279F7879F4}
	EndGlobalSection
EndGlobal
